{
  "name": "lib-pareto-lang",
  "version": "0.19.0",
  "lockfileVersion": 2,
  "requires": true,
  "packages": {
    "": {
      "name": "lib-pareto-lang",
      "version": "0.19.0",
      "license": "ISC",
      "dependencies": {
        "api-astn-handlers": "^0.3.0",
        "lib-fountain-pen": "^0.6.1",
        "pareto-core": "^0.0.4"
      }
    },
    "node_modules/api-astn-handlers": {
      "version": "0.3.0",
      "resolved": "https://registry.npmjs.org/api-astn-handlers/-/api-astn-handlers-0.3.0.tgz",
      "integrity": "sha512-BpgSqXPOKV1LdVBFjcjurS/0R/12wx8ojsjEYYU86vb+vDoR7ipzzMQfmkxktaSxYAans4j4xwfFCrZfKrNsfQ==",
      "dependencies": {
        "pareto-core-types": "^0.6.0"
      }
    },
    "node_modules/api-pareto-main": {
      "version": "0.9.0",
      "resolved": "https://registry.npmjs.org/api-pareto-main/-/api-pareto-main-0.9.0.tgz",
      "integrity": "sha512-DHzPRi4+ZPaimqMxcPXgW1Ic+oQs+bb++Vp+olN1uiZ+0iapNqmq3MI0FOCYqBD0fnhAXW6mGpW5NhiFl0N/gw==",
      "dependencies": {
        "pareto-core-types": "^0.6.0"
      }
    },
    "node_modules/api-pareto-tostring": {
      "version": "0.4.1",
      "resolved": "https://registry.npmjs.org/api-pareto-tostring/-/api-pareto-tostring-0.4.1.tgz",
      "integrity": "sha512-LAjN90Q0cS6LHfB29FnrMuu62fUqfW9ECq5qshSGYZV6kmJWPJskxiQUfoEbbx1iMifvCyaU7dGUZDZWtZxbAQ==",
      "dependencies": {
        "pareto-core-internals": "^0.8.0",
        "pareto-core-types": "^0.6.0"
      }
    },
    "node_modules/api-pareto-tostring/node_modules/pareto-core-internals": {
      "version": "0.8.0",
      "resolved": "https://registry.npmjs.org/pareto-core-internals/-/pareto-core-internals-0.8.0.tgz",
      "integrity": "sha512-T6uyarcFcODa8bRF/zLoAjMwNSyaY+Xsmv/lI5OipQQ2hnujCUx7XVT8+uveOgZ4kzKctRwbnfKRcVEcRgKSfQ==",
      "dependencies": {
        "pareto-core-types": "^0.6.0"
      }
    },
    "node_modules/lib-fountain-pen": {
      "version": "0.6.1",
      "resolved": "https://registry.npmjs.org/lib-fountain-pen/-/lib-fountain-pen-0.6.1.tgz",
      "integrity": "sha512-652MFi9OhzNokRvn3Vtcq23vLA/lcBeI3VLi5gt4pzD7cBFwIA6zEXP7yBa2pgogBtiMU4TXq2ClPEEkfTTO2g==",
      "dependencies": {
        "pareto-core-lib": "^0.13.0",
        "pareto-core-state": "^0.10.0",
        "res-pareto-tostring": "^0.4.0"
      }
    },
    "node_modules/pareto-core": {
      "version": "0.0.4",
      "resolved": "https://registry.npmjs.org/pareto-core/-/pareto-core-0.0.4.tgz",
      "integrity": "sha512-LzPy2ob5UOV74+5IwfNQ9xIoe67l/8i1iYjLx/JugeemZnW141ZQqDDdxhcBE7hf402qijSbqe1AFVp709Ea4Q==",
      "dependencies": {
        "pareto-core-exe": "^0.13.0",
        "pareto-core-lib": "^0.13.0",
        "pareto-core-raw": "^0.5.1",
        "pareto-core-state": "^0.10.0"
      }
    },
    "node_modules/pareto-core-exe": {
      "version": "0.13.0",
      "resolved": "https://registry.npmjs.org/pareto-core-exe/-/pareto-core-exe-0.13.0.tgz",
      "integrity": "sha512-o9hgbsx8FFuqsgJJeOPldtx9usKTbtsURFOllRKN1MuWxieYH/jhyQ+Er/ZBOxC9pdW3k9wrM1NC11uXv83Cvg==",
      "dependencies": {
        "api-pareto-main": "^0.9.0",
        "pareto-core-internals": "^0.7.0",
        "pareto-core-types": "^0.6.0"
      }
    },
    "node_modules/pareto-core-internals": {
      "version": "0.7.0",
      "resolved": "https://registry.npmjs.org/pareto-core-internals/-/pareto-core-internals-0.7.0.tgz",
      "integrity": "sha512-1Mh7f9yFLSsFZKb3Rs/E9qGucUF2n1FcWPRfcRi47qI+FwhDfka0JbadlJaNnoVGOsY1bPMGxesTwReszBf9pw==",
      "dependencies": {
        "pareto-core-types": "^0.6.0"
      }
    },
    "node_modules/pareto-core-lib": {
      "version": "0.13.0",
      "resolved": "https://registry.npmjs.org/pareto-core-lib/-/pareto-core-lib-0.13.0.tgz",
      "integrity": "sha512-fVEIhq2G7ZJ9VDowMaftS8MhyGCShQkk8h0JFFWLsEm3usM//gffdeOfxKBdoPa8gdKskVozv3wbWf6jFTnEUQ==",
      "dependencies": {
        "pareto-typesystem-core": "^0.6.0"
      }
    },
    "node_modules/pareto-core-lib/node_modules/pareto-typesystem-core": {
      "version": "0.6.0",
      "resolved": "https://registry.npmjs.org/pareto-typesystem-core/-/pareto-typesystem-core-0.6.0.tgz",
      "integrity": "sha512-CJwKu7lYvLBEzNuvbp5Vk8eND0Jsmlburk04/PsknFAx9QiN9EpYhRAQ1oJY4OAh6hZv6WY/kLAAAZu6w2LuxQ=="
    },
    "node_modules/pareto-core-raw": {
      "version": "0.5.1",
      "resolved": "https://registry.npmjs.org/pareto-core-raw/-/pareto-core-raw-0.5.1.tgz",
      "integrity": "sha512-ovVEfDA4C0zFtVb1HkyHABiz6AY8Zx3HfpmdxpOJF6vaoWSe++SN1XjNz1SROOLWJgUHww6Oo0q34VmnBgHEKQ==",
      "dependencies": {
        "pareto-core-internals": "^0.7.0"
      }
    },
    "node_modules/pareto-core-state": {
      "version": "0.10.0",
      "resolved": "https://registry.npmjs.org/pareto-core-state/-/pareto-core-state-0.10.0.tgz",
      "integrity": "sha512-3mqwo8fanO8pks7dzYbA2E2RSYA3bDBCaHHb/Dh48y5yOAtDTfWcsDi+emJDdMjaAel09o36dQ0v0Yu2D4/9KA==",
      "dependencies": {
        "pareto-core-internals": "^0.7.0"
      }
    },
    "node_modules/pareto-core-types": {
      "version": "0.6.0",
      "resolved": "https://registry.npmjs.org/pareto-core-types/-/pareto-core-types-0.6.0.tgz",
      "integrity": "sha512-q9M6w+M6kgJBaroffQto9oRqsBKDpYI+JbJgO+7wVUx5QPew9kEsdevkNfjPPPWhq0grRg9Nj3t2gQy6wXyL2g=="
    },
    "node_modules/res-pareto-tostring": {
      "version": "0.4.0",
      "resolved": "https://registry.npmjs.org/res-pareto-tostring/-/res-pareto-tostring-0.4.0.tgz",
      "integrity": "sha512-soxL7aTOIGxskt7yEGYd7hbZZrKLoWiGgaBIJKCpmFjxvEF31n+zUrnIprmTxOa5u44vtoXUOpXgeiu/xoC0VA==",
      "dependencies": {
        "api-pareto-tostring": "^0.4.1",
        "pareto-core-internals": "^0.8.0",
        "pareto-core-types": "^0.6.0"
      }
    },
    "node_modules/res-pareto-tostring/node_modules/pareto-core-internals": {
      "version": "0.8.0",
      "resolved": "https://registry.npmjs.org/pareto-core-internals/-/pareto-core-internals-0.8.0.tgz",
      "integrity": "sha512-T6uyarcFcODa8bRF/zLoAjMwNSyaY+Xsmv/lI5OipQQ2hnujCUx7XVT8+uveOgZ4kzKctRwbnfKRcVEcRgKSfQ==",
      "dependencies": {
        "pareto-core-types": "^0.6.0"
      }
    }
  },
  "dependencies": {
    "api-astn-handlers": {
      "version": "0.3.0",
      "resolved": "https://registry.npmjs.org/api-astn-handlers/-/api-astn-handlers-0.3.0.tgz",
      "integrity": "sha512-BpgSqXPOKV1LdVBFjcjurS/0R/12wx8ojsjEYYU86vb+vDoR7ipzzMQfmkxktaSxYAans4j4xwfFCrZfKrNsfQ==",
      "requires": {
        "pareto-core-types": "^0.6.0"
      }
    },
    "api-pareto-main": {
      "version": "0.9.0",
      "resolved": "https://registry.npmjs.org/api-pareto-main/-/api-pareto-main-0.9.0.tgz",
      "integrity": "sha512-DHzPRi4+ZPaimqMxcPXgW1Ic+oQs+bb++Vp+olN1uiZ+0iapNqmq3MI0FOCYqBD0fnhAXW6mGpW5NhiFl0N/gw==",
      "requires": {
        "pareto-core-types": "^0.6.0"
      }
    },
    "api-pareto-tostring": {
      "version": "0.4.1",
      "resolved": "https://registry.npmjs.org/api-pareto-tostring/-/api-pareto-tostring-0.4.1.tgz",
      "integrity": "sha512-LAjN90Q0cS6LHfB29FnrMuu62fUqfW9ECq5qshSGYZV6kmJWPJskxiQUfoEbbx1iMifvCyaU7dGUZDZWtZxbAQ==",
      "requires": {
        "pareto-core-internals": "^0.8.0",
        "pareto-core-types": "^0.6.0"
      },
      "dependencies": {
        "pareto-core-internals": {
          "version": "0.8.0",
          "resolved": "https://registry.npmjs.org/pareto-core-internals/-/pareto-core-internals-0.8.0.tgz",
          "integrity": "sha512-T6uyarcFcODa8bRF/zLoAjMwNSyaY+Xsmv/lI5OipQQ2hnujCUx7XVT8+uveOgZ4kzKctRwbnfKRcVEcRgKSfQ==",
          "requires": {
            "pareto-core-types": "^0.6.0"
          }
        }
      }
    },
    "lib-fountain-pen": {
      "version": "0.6.1",
      "resolved": "https://registry.npmjs.org/lib-fountain-pen/-/lib-fountain-pen-0.6.1.tgz",
      "integrity": "sha512-652MFi9OhzNokRvn3Vtcq23vLA/lcBeI3VLi5gt4pzD7cBFwIA6zEXP7yBa2pgogBtiMU4TXq2ClPEEkfTTO2g==",
      "requires": {
        "pareto-core-lib": "^0.13.0",
        "pareto-core-state": "^0.10.0",
        "res-pareto-tostring": "^0.4.0"
      }
    },
    "pareto-core": {
      "version": "0.0.4",
      "resolved": "https://registry.npmjs.org/pareto-core/-/pareto-core-0.0.4.tgz",
      "integrity": "sha512-LzPy2ob5UOV74+5IwfNQ9xIoe67l/8i1iYjLx/JugeemZnW141ZQqDDdxhcBE7hf402qijSbqe1AFVp709Ea4Q==",
      "requires": {
        "pareto-core-exe": "^0.13.0",
        "pareto-core-lib": "^0.13.0",
        "pareto-core-raw": "^0.5.1",
        "pareto-core-state": "^0.10.0"
      }
    },
    "pareto-core-exe": {
      "version": "0.13.0",
      "resolved": "https://registry.npmjs.org/pareto-core-exe/-/pareto-core-exe-0.13.0.tgz",
      "integrity": "sha512-o9hgbsx8FFuqsgJJeOPldtx9usKTbtsURFOllRKN1MuWxieYH/jhyQ+Er/ZBOxC9pdW3k9wrM1NC11uXv83Cvg==",
      "requires": {
        "api-pareto-main": "^0.9.0",
        "pareto-core-internals": "^0.7.0",
        "pareto-core-types": "^0.6.0"
      }
    },
    "pareto-core-internals": {
      "version": "0.7.0",
      "resolved": "https://registry.npmjs.org/pareto-core-internals/-/pareto-core-internals-0.7.0.tgz",
      "integrity": "sha512-1Mh7f9yFLSsFZKb3Rs/E9qGucUF2n1FcWPRfcRi47qI+FwhDfka0JbadlJaNnoVGOsY1bPMGxesTwReszBf9pw==",
      "requires": {
        "pareto-core-types": "^0.6.0"
      }
    },
    "pareto-core-lib": {
      "version": "0.13.0",
      "resolved": "https://registry.npmjs.org/pareto-core-lib/-/pareto-core-lib-0.13.0.tgz",
      "integrity": "sha512-fVEIhq2G7ZJ9VDowMaftS8MhyGCShQkk8h0JFFWLsEm3usM//gffdeOfxKBdoPa8gdKskVozv3wbWf6jFTnEUQ==",
      "requires": {
        "pareto-typesystem-core": "^0.6.0"
      },
      "dependencies": {
        "pareto-typesystem-core": {
          "version": "0.6.0",
          "resolved": "https://registry.npmjs.org/pareto-typesystem-core/-/pareto-typesystem-core-0.6.0.tgz",
          "integrity": "sha512-CJwKu7lYvLBEzNuvbp5Vk8eND0Jsmlburk04/PsknFAx9QiN9EpYhRAQ1oJY4OAh6hZv6WY/kLAAAZu6w2LuxQ=="
        }
      }
    },
    "pareto-core-raw": {
      "version": "0.5.1",
      "resolved": "https://registry.npmjs.org/pareto-core-raw/-/pareto-core-raw-0.5.1.tgz",
      "integrity": "sha512-ovVEfDA4C0zFtVb1HkyHABiz6AY8Zx3HfpmdxpOJF6vaoWSe++SN1XjNz1SROOLWJgUHww6Oo0q34VmnBgHEKQ==",
      "requires": {
        "pareto-core-internals": "^0.7.0"
      }
    },
    "pareto-core-state": {
      "version": "0.10.0",
      "resolved": "https://registry.npmjs.org/pareto-core-state/-/pareto-core-state-0.10.0.tgz",
      "integrity": "sha512-3mqwo8fanO8pks7dzYbA2E2RSYA3bDBCaHHb/Dh48y5yOAtDTfWcsDi+emJDdMjaAel09o36dQ0v0Yu2D4/9KA==",
      "requires": {
        "pareto-core-internals": "^0.7.0"
      }
    },
    "pareto-core-types": {
      "version": "0.6.0",
      "resolved": "https://registry.npmjs.org/pareto-core-types/-/pareto-core-types-0.6.0.tgz",
      "integrity": "sha512-q9M6w+M6kgJBaroffQto9oRqsBKDpYI+JbJgO+7wVUx5QPew9kEsdevkNfjPPPWhq0grRg9Nj3t2gQy6wXyL2g=="
    },
    "res-pareto-tostring": {
      "version": "0.4.0",
      "resolved": "https://registry.npmjs.org/res-pareto-tostring/-/res-pareto-tostring-0.4.0.tgz",
      "integrity": "sha512-soxL7aTOIGxskt7yEGYd7hbZZrKLoWiGgaBIJKCpmFjxvEF31n+zUrnIprmTxOa5u44vtoXUOpXgeiu/xoC0VA==",
      "requires": {
        "api-pareto-tostring": "^0.4.1",
        "pareto-core-internals": "^0.8.0",
        "pareto-core-types": "^0.6.0"
      },
      "dependencies": {
        "pareto-core-internals": {
          "version": "0.8.0",
          "resolved": "https://registry.npmjs.org/pareto-core-internals/-/pareto-core-internals-0.8.0.tgz",
          "integrity": "sha512-T6uyarcFcODa8bRF/zLoAjMwNSyaY+Xsmv/lI5OipQQ2hnujCUx7XVT8+uveOgZ4kzKctRwbnfKRcVEcRgKSfQ==",
          "requires": {
            "pareto-core-types": "^0.6.0"
          }
        }
      }
    }
  }
}
