{
  "name": "pareto-lang-lib",
  "version": "0.19.0",
  "lockfileVersion": 2,
  "requires": true,
  "packages": {
    "": {
      "name": "pareto-lang-lib",
      "version": "0.19.0",
      "license": "ISC",
      "dependencies": {
        "astn-expect-lib": "^0.18.0",
        "astn-handlers-api": "^0.16.0",
        "fountain-pen-lib": "^4.13.0",
        "pareto-core-lib": "^0.4.0"
      }
    },
    "node_modules/astn-expect-lib": {
      "version": "0.18.0",
      "resolved": "https://registry.npmjs.org/astn-expect-lib/-/astn-expect-lib-0.18.0.tgz",
      "integrity": "sha512-Xk8X8v9NRPspQA0YRmL3j8o0yVtNLk0iMBORcldAJE9IJcwlVvbV0Qs9mUlVl3WgTXK376FdRmltMcAG0oofwQ==",
      "dependencies": {
        "astn-handlers-api": "^0.15.0",
        "pareto-core-candidates": "^0.13.0",
        "pareto-core-lib": "^0.11.0",
        "pareto-statemachine-core": "^0.1.0",
        "pareto-core-tostring": "^0.1.0",
        "pareto-ugly-stuff-api": "^0.10.0"
      }
    },
    "node_modules/astn-expect-lib/node_modules/astn-handlers-api": {
      "version": "0.15.0",
      "resolved": "https://registry.npmjs.org/astn-handlers-api/-/astn-handlers-api-0.15.0.tgz",
      "integrity": "sha512-oDMhz7IHJYQ52Mmz0V/7e0ENvMY7Uvy8dhcSSaC0rzHX2zo4kEOb6Dn5IcQ91QZF70GxctekyxLqxJqhXwnreA=="
    },
    "node_modules/astn-expect-lib/node_modules/pareto-core-lib": {
      "version": "0.11.0",
      "resolved": "https://registry.npmjs.org/pareto-core-lib/-/pareto-core-lib-0.11.0.tgz",
      "integrity": "sha512-1oxjBVEjORAot9gbEuA4hfolvTYi2iju6emT47zMpL/VwtHrVg42chtZAHQPU7AVGD+ItIeuoX4DMG9OnHJeDQ==",
      "dependencies": {
        "pareto-typesystem-core": "^0.4.0"
      }
    },
    "node_modules/astn-handlers-api": {
      "version": "0.16.0",
      "resolved": "https://registry.npmjs.org/astn-handlers-api/-/astn-handlers-api-0.16.0.tgz",
      "integrity": "sha512-CYsdVhnlGe9rFVtVW6aco2PDocc8GiFaEUiDYQTFrF19+QCdAnGrytwFbVBlPi2d/NT4hV5+IzXPCVfn/stDuw==",
      "dependencies": {
        "pareto-typesystem-core": "^0.4.0"
      }
    },
    "node_modules/fountain-pen-lib": {
      "version": "4.13.0",
      "resolved": "https://registry.npmjs.org/fountain-pen-lib/-/fountain-pen-lib-4.13.0.tgz",
      "integrity": "sha512-w4pAK1t6y4TSrTNopYfLJ9kLIBzif89tCf1aYBiITxRGZBFYnblRIVjWZSDeNNT0KWtTImsXhHS/JZpLaHfHzg==",
      "dependencies": {
        "pareto-core-lib": "^0.11.0"
      }
    },
    "node_modules/fountain-pen-lib/node_modules/pareto-core-lib": {
      "version": "0.11.0",
      "resolved": "https://registry.npmjs.org/pareto-core-lib/-/pareto-core-lib-0.11.0.tgz",
      "integrity": "sha512-1oxjBVEjORAot9gbEuA4hfolvTYi2iju6emT47zMpL/VwtHrVg42chtZAHQPU7AVGD+ItIeuoX4DMG9OnHJeDQ==",
      "dependencies": {
        "pareto-typesystem-core": "^0.4.0"
      }
    },
    "node_modules/pareto-core-candidates": {
      "version": "0.13.0",
      "resolved": "https://registry.npmjs.org/pareto-core-candidates/-/pareto-core-candidates-0.13.0.tgz",
      "integrity": "sha512-p1KCsZaGLIkDoBSQgLWgzzPUD9EQA55x/bgX88y9PlR/9F+hjs/SyUrRD8yuJlLVAiLuAiAtQH2T47adpDsVNA==",
      "dependencies": {
        "pareto-core-lib": "^0.11.0",
        "pareto-statemachine-core": "^0.1.0"
      }
    },
    "node_modules/pareto-core-candidates/node_modules/pareto-core-lib": {
      "version": "0.11.0",
      "resolved": "https://registry.npmjs.org/pareto-core-lib/-/pareto-core-lib-0.11.0.tgz",
      "integrity": "sha512-1oxjBVEjORAot9gbEuA4hfolvTYi2iju6emT47zMpL/VwtHrVg42chtZAHQPU7AVGD+ItIeuoX4DMG9OnHJeDQ==",
      "dependencies": {
        "pareto-typesystem-core": "^0.4.0"
      }
    },
    "node_modules/pareto-core-lib": {
      "version": "0.13.0",
      "resolved": "https://registry.npmjs.org/pareto-core-lib/-/pareto-core-lib-0.13.0.tgz",
      "integrity": "sha512-fVEIhq2G7ZJ9VDowMaftS8MhyGCShQkk8h0JFFWLsEm3usM//gffdeOfxKBdoPa8gdKskVozv3wbWf6jFTnEUQ==",
      "dependencies": {
        "pareto-typesystem-core": "^0.6.0"
      }
    },
    "node_modules/pareto-core-lib/node_modules/pareto-typesystem-core": {
      "version": "0.6.0",
      "resolved": "https://registry.npmjs.org/pareto-typesystem-core/-/pareto-typesystem-core-0.6.0.tgz",
      "integrity": "sha512-CJwKu7lYvLBEzNuvbp5Vk8eND0Jsmlburk04/PsknFAx9QiN9EpYhRAQ1oJY4OAh6hZv6WY/kLAAAZu6w2LuxQ=="
    },
    "node_modules/pareto-statemachine-core": {
      "version": "0.1.0",
      "resolved": "https://registry.npmjs.org/pareto-statemachine-core/-/pareto-statemachine-core-0.1.0.tgz",
      "integrity": "sha512-XqoC/61BJFiSM/t68k6TFMqHE8cbNI3xoyOmyrAUJzSjBXr3hUAUUxLIuMmx1SHUjaArQ07B1Glw4qgea0z5MA==",
      "dependencies": {
        "pareto-core-lib": "^0.11.0"
      }
    },
    "node_modules/pareto-statemachine-core/node_modules/pareto-core-lib": {
      "version": "0.11.0",
      "resolved": "https://registry.npmjs.org/pareto-core-lib/-/pareto-core-lib-0.11.0.tgz",
      "integrity": "sha512-1oxjBVEjORAot9gbEuA4hfolvTYi2iju6emT47zMpL/VwtHrVg42chtZAHQPU7AVGD+ItIeuoX4DMG9OnHJeDQ==",
      "dependencies": {
        "pareto-typesystem-core": "^0.4.0"
      }
    },
    "node_modules/pareto-core-tostring": {
      "version": "0.1.0",
      "resolved": "https://registry.npmjs.org/pareto-core-tostring/-/pareto-core-tostring-0.1.0.tgz",
      "integrity": "sha512-LfE6Op1vJvL+9nJZO/S1c92puLvj1UpookZYNwyzT1/xEGjp1Abwj0GqWNap86pUDPm25Z1qLr4Ua4+sD2Er1Q==",
      "dependencies": {
        "pareto-core-lib": "^0.11.0"
      }
    },
    "node_modules/pareto-core-tostring/node_modules/pareto-core-lib": {
      "version": "0.11.0",
      "resolved": "https://registry.npmjs.org/pareto-core-lib/-/pareto-core-lib-0.11.0.tgz",
      "integrity": "sha512-1oxjBVEjORAot9gbEuA4hfolvTYi2iju6emT47zMpL/VwtHrVg42chtZAHQPU7AVGD+ItIeuoX4DMG9OnHJeDQ==",
      "dependencies": {
        "pareto-typesystem-core": "^0.4.0"
      }
    },
    "node_modules/pareto-typesystem-core": {
      "version": "0.4.0",
      "resolved": "https://registry.npmjs.org/pareto-typesystem-core/-/pareto-typesystem-core-0.4.0.tgz",
      "integrity": "sha512-5fk2LTxNyo3TCz/+c9MTcbiWzJLBPL6uHuYXloOKdMtsGQ/djf4josk6NtfdTNpcJSGDapYGbiRm8uxfWp6e0w=="
    },
    "node_modules/pareto-ugly-stuff-api": {
      "version": "0.10.0",
      "resolved": "https://registry.npmjs.org/pareto-ugly-stuff-api/-/pareto-ugly-stuff-api-0.10.0.tgz",
      "integrity": "sha512-C8ViaFqXmGPivkPWxzg5bc+DDz/nKtXte9RFVBkvw3EUu0O2CzqKdBwB9T46njPXQkYDVvAflRDpcDjWJbbuGA==",
      "dependencies": {
        "pareto-typesystem-core": "^0.4.0"
      }
    }
  },
  "dependencies": {
    "astn-expect-lib": {
      "version": "0.18.0",
      "resolved": "https://registry.npmjs.org/astn-expect-lib/-/astn-expect-lib-0.18.0.tgz",
      "integrity": "sha512-Xk8X8v9NRPspQA0YRmL3j8o0yVtNLk0iMBORcldAJE9IJcwlVvbV0Qs9mUlVl3WgTXK376FdRmltMcAG0oofwQ==",
      "requires": {
        "astn-handlers-api": "^0.15.0",
        "pareto-core-candidates": "^0.13.0",
        "pareto-core-lib": "^0.11.0",
        "pareto-statemachine-core": "^0.1.0",
        "pareto-core-tostring": "^0.1.0",
        "pareto-ugly-stuff-api": "^0.10.0"
      },
      "dependencies": {
        "astn-handlers-api": {
          "version": "0.15.0",
          "resolved": "https://registry.npmjs.org/astn-handlers-api/-/astn-handlers-api-0.15.0.tgz",
          "integrity": "sha512-oDMhz7IHJYQ52Mmz0V/7e0ENvMY7Uvy8dhcSSaC0rzHX2zo4kEOb6Dn5IcQ91QZF70GxctekyxLqxJqhXwnreA=="
        },
        "pareto-core-lib": {
          "version": "0.11.0",
          "resolved": "https://registry.npmjs.org/pareto-core-lib/-/pareto-core-lib-0.11.0.tgz",
          "integrity": "sha512-1oxjBVEjORAot9gbEuA4hfolvTYi2iju6emT47zMpL/VwtHrVg42chtZAHQPU7AVGD+ItIeuoX4DMG9OnHJeDQ==",
          "requires": {
            "pareto-typesystem-core": "^0.4.0"
          }
        }
      }
    },
    "astn-handlers-api": {
      "version": "0.16.0",
      "resolved": "https://registry.npmjs.org/astn-handlers-api/-/astn-handlers-api-0.16.0.tgz",
      "integrity": "sha512-CYsdVhnlGe9rFVtVW6aco2PDocc8GiFaEUiDYQTFrF19+QCdAnGrytwFbVBlPi2d/NT4hV5+IzXPCVfn/stDuw==",
      "requires": {
        "pareto-typesystem-core": "^0.4.0"
      }
    },
    "fountain-pen-lib": {
      "version": "4.13.0",
      "resolved": "https://registry.npmjs.org/fountain-pen-lib/-/fountain-pen-lib-4.13.0.tgz",
      "integrity": "sha512-w4pAK1t6y4TSrTNopYfLJ9kLIBzif89tCf1aYBiITxRGZBFYnblRIVjWZSDeNNT0KWtTImsXhHS/JZpLaHfHzg==",
      "requires": {
        "pareto-core-lib": "^0.11.0"
      },
      "dependencies": {
        "pareto-core-lib": {
          "version": "0.11.0",
          "resolved": "https://registry.npmjs.org/pareto-core-lib/-/pareto-core-lib-0.11.0.tgz",
          "integrity": "sha512-1oxjBVEjORAot9gbEuA4hfolvTYi2iju6emT47zMpL/VwtHrVg42chtZAHQPU7AVGD+ItIeuoX4DMG9OnHJeDQ==",
          "requires": {
            "pareto-typesystem-core": "^0.4.0"
          }
        }
      }
    },
    "pareto-core-candidates": {
      "version": "0.13.0",
      "resolved": "https://registry.npmjs.org/pareto-core-candidates/-/pareto-core-candidates-0.13.0.tgz",
      "integrity": "sha512-p1KCsZaGLIkDoBSQgLWgzzPUD9EQA55x/bgX88y9PlR/9F+hjs/SyUrRD8yuJlLVAiLuAiAtQH2T47adpDsVNA==",
      "requires": {
        "pareto-core-lib": "^0.11.0",
        "pareto-statemachine-core": "^0.1.0"
      },
      "dependencies": {
        "pareto-core-lib": {
          "version": "0.11.0",
          "resolved": "https://registry.npmjs.org/pareto-core-lib/-/pareto-core-lib-0.11.0.tgz",
          "integrity": "sha512-1oxjBVEjORAot9gbEuA4hfolvTYi2iju6emT47zMpL/VwtHrVg42chtZAHQPU7AVGD+ItIeuoX4DMG9OnHJeDQ==",
          "requires": {
            "pareto-typesystem-core": "^0.4.0"
          }
        }
      }
    },
    "pareto-core-lib": {
      "version": "0.13.0",
      "resolved": "https://registry.npmjs.org/pareto-core-lib/-/pareto-core-lib-0.13.0.tgz",
      "integrity": "sha512-fVEIhq2G7ZJ9VDowMaftS8MhyGCShQkk8h0JFFWLsEm3usM//gffdeOfxKBdoPa8gdKskVozv3wbWf6jFTnEUQ==",
      "requires": {
        "pareto-typesystem-core": "^0.6.0"
      },
      "dependencies": {
        "pareto-typesystem-core": {
          "version": "0.6.0",
          "resolved": "https://registry.npmjs.org/pareto-typesystem-core/-/pareto-typesystem-core-0.6.0.tgz",
          "integrity": "sha512-CJwKu7lYvLBEzNuvbp5Vk8eND0Jsmlburk04/PsknFAx9QiN9EpYhRAQ1oJY4OAh6hZv6WY/kLAAAZu6w2LuxQ=="
        }
      }
    },
    "pareto-statemachine-core": {
      "version": "0.1.0",
      "resolved": "https://registry.npmjs.org/pareto-statemachine-core/-/pareto-statemachine-core-0.1.0.tgz",
      "integrity": "sha512-XqoC/61BJFiSM/t68k6TFMqHE8cbNI3xoyOmyrAUJzSjBXr3hUAUUxLIuMmx1SHUjaArQ07B1Glw4qgea0z5MA==",
      "requires": {
        "pareto-core-lib": "^0.11.0"
      },
      "dependencies": {
        "pareto-core-lib": {
          "version": "0.11.0",
          "resolved": "https://registry.npmjs.org/pareto-core-lib/-/pareto-core-lib-0.11.0.tgz",
          "integrity": "sha512-1oxjBVEjORAot9gbEuA4hfolvTYi2iju6emT47zMpL/VwtHrVg42chtZAHQPU7AVGD+ItIeuoX4DMG9OnHJeDQ==",
          "requires": {
            "pareto-typesystem-core": "^0.4.0"
          }
        }
      }
    },
    "pareto-core-tostring": {
      "version": "0.1.0",
      "resolved": "https://registry.npmjs.org/pareto-core-tostring/-/pareto-core-tostring-0.1.0.tgz",
      "integrity": "sha512-LfE6Op1vJvL+9nJZO/S1c92puLvj1UpookZYNwyzT1/xEGjp1Abwj0GqWNap86pUDPm25Z1qLr4Ua4+sD2Er1Q==",
      "requires": {
        "pareto-core-lib": "^0.11.0"
      },
      "dependencies": {
        "pareto-core-lib": {
          "version": "0.11.0",
          "resolved": "https://registry.npmjs.org/pareto-core-lib/-/pareto-core-lib-0.11.0.tgz",
          "integrity": "sha512-1oxjBVEjORAot9gbEuA4hfolvTYi2iju6emT47zMpL/VwtHrVg42chtZAHQPU7AVGD+ItIeuoX4DMG9OnHJeDQ==",
          "requires": {
            "pareto-typesystem-core": "^0.4.0"
          }
        }
      }
    },
    "pareto-typesystem-core": {
      "version": "0.4.0",
      "resolved": "https://registry.npmjs.org/pareto-typesystem-core/-/pareto-typesystem-core-0.4.0.tgz",
      "integrity": "sha512-5fk2LTxNyo3TCz/+c9MTcbiWzJLBPL6uHuYXloOKdMtsGQ/djf4josk6NtfdTNpcJSGDapYGbiRm8uxfWp6e0w=="
    },
    "pareto-ugly-stuff-api": {
      "version": "0.10.0",
      "resolved": "https://registry.npmjs.org/pareto-ugly-stuff-api/-/pareto-ugly-stuff-api-0.10.0.tgz",
      "integrity": "sha512-C8ViaFqXmGPivkPWxzg5bc+DDz/nKtXte9RFVBkvw3EUu0O2CzqKdBwB9T46njPXQkYDVvAflRDpcDjWJbbuGA==",
      "requires": {
        "pareto-typesystem-core": "^0.4.0"
      }
    }
  }
}
